// !$*UTF8*$!
{
	archiveVersion = 1;
	classes = {
	};
	objectVersion = 46;
	objects = {

/* Begin PBXBuildFile section */
		3A00EEDB4E680AE3470AFF4E /* libPods-iamhere.a in Frameworks */ = {isa = PBXBuildFile; fileRef = 8D5807E0D211218033990ADF /* libPods-iamhere.a */; };
		8E2206A81C52387F00501072 /* LocationControllerView.swift in Sources */ = {isa = PBXBuildFile; fileRef = 8E2206A71C52387F00501072 /* LocationControllerView.swift */; };
		913A51C91C517DDD001E280E /* main.m in Sources */ = {isa = PBXBuildFile; fileRef = 913A51C81C517DDD001E280E /* main.m */; };
		913A51CC1C517DDD001E280E /* AppDelegate.m in Sources */ = {isa = PBXBuildFile; fileRef = 913A51CB1C517DDD001E280E /* AppDelegate.m */; };
		913A51CF1C517DDD001E280E /* ViewController.m in Sources */ = {isa = PBXBuildFile; fileRef = 913A51CE1C517DDD001E280E /* ViewController.m */; };
		913A51D21C517DDD001E280E /* Main.storyboard in Resources */ = {isa = PBXBuildFile; fileRef = 913A51D01C517DDD001E280E /* Main.storyboard */; };
		913A51D41C517DDD001E280E /* Assets.xcassets in Resources */ = {isa = PBXBuildFile; fileRef = 913A51D31C517DDD001E280E /* Assets.xcassets */; };
		913A51D71C517DDD001E280E /* LaunchScreen.storyboard in Resources */ = {isa = PBXBuildFile; fileRef = 913A51D51C517DDD001E280E /* LaunchScreen.storyboard */; };
		913A51E21C517DDD001E280E /* iamhereTests.m in Sources */ = {isa = PBXBuildFile; fileRef = 913A51E11C517DDD001E280E /* iamhereTests.m */; };
		913A51ED1C517DDD001E280E /* iamhereUITests.m in Sources */ = {isa = PBXBuildFile; fileRef = 913A51EC1C517DDD001E280E /* iamhereUITests.m */; };
/* End PBXBuildFile section */

/* Begin PBXContainerItemProxy section */
		913A51DE1C517DDD001E280E /* PBXContainerItemProxy */ = {
			isa = PBXContainerItemProxy;
			containerPortal = 913A51BC1C517DDD001E280E /* Project object */;
			proxyType = 1;
			remoteGlobalIDString = 913A51C31C517DDD001E280E;
			remoteInfo = iamhere;
		};
		913A51E91C517DDD001E280E /* PBXContainerItemProxy */ = {
			isa = PBXContainerItemProxy;
			containerPortal = 913A51BC1C517DDD001E280E /* Project object */;
			proxyType = 1;
			remoteGlobalIDString = 913A51C31C517DDD001E280E;
			remoteInfo = iamhere;
		};
/* End PBXContainerItemProxy section */

/* Begin PBXFileReference section */
		2F0A32689AECF46DC7E0DEF3 /* Pods-iamhere.debug.xcconfig */ = {isa = PBXFileReference; includeInIndex = 1; lastKnownFileType = text.xcconfig; name = "Pods-iamhere.debug.xcconfig"; path = "Pods/Target Support Files/Pods-iamhere/Pods-iamhere.debug.xcconfig"; sourceTree = "<group>"; };
		8D5807E0D211218033990ADF /* libPods-iamhere.a */ = {isa = PBXFileReference; explicitFileType = archive.ar; includeInIndex = 0; path = "libPods-iamhere.a"; sourceTree = BUILT_PRODUCTS_DIR; };
		8E2206A61C52387F00501072 /* iamhere-Bridging-Header.h */ = {isa = PBXFileReference; lastKnownFileType = sourcecode.c.h; path = "iamhere-Bridging-Header.h"; sourceTree = "<group>"; };
		8E2206A71C52387F00501072 /* LocationControllerView.swift */ = {isa = PBXFileReference; fileEncoding = 4; lastKnownFileType = sourcecode.swift; path = LocationControllerView.swift; sourceTree = "<group>"; };
		913A51C41C517DDD001E280E /* iamhere.app */ = {isa = PBXFileReference; explicitFileType = wrapper.application; includeInIndex = 0; path = iamhere.app; sourceTree = BUILT_PRODUCTS_DIR; };
		913A51C81C517DDD001E280E /* main.m */ = {isa = PBXFileReference; lastKnownFileType = sourcecode.c.objc; path = main.m; sourceTree = "<group>"; };
		913A51CA1C517DDD001E280E /* AppDelegate.h */ = {isa = PBXFileReference; lastKnownFileType = sourcecode.c.h; path = AppDelegate.h; sourceTree = "<group>"; };
		913A51CB1C517DDD001E280E /* AppDelegate.m */ = {isa = PBXFileReference; lastKnownFileType = sourcecode.c.objc; path = AppDelegate.m; sourceTree = "<group>"; };
		913A51CD1C517DDD001E280E /* ViewController.h */ = {isa = PBXFileReference; lastKnownFileType = sourcecode.c.h; path = ViewController.h; sourceTree = "<group>"; };
		913A51CE1C517DDD001E280E /* ViewController.m */ = {isa = PBXFileReference; lastKnownFileType = sourcecode.c.objc; path = ViewController.m; sourceTree = "<group>"; };
		913A51D11C517DDD001E280E /* Base */ = {isa = PBXFileReference; lastKnownFileType = file.storyboard; name = Base; path = Base.lproj/Main.storyboard; sourceTree = "<group>"; };
		913A51D31C517DDD001E280E /* Assets.xcassets */ = {isa = PBXFileReference; lastKnownFileType = folder.assetcatalog; path = Assets.xcassets; sourceTree = "<group>"; };
		913A51D61C517DDD001E280E /* Base */ = {isa = PBXFileReference; lastKnownFileType = file.storyboard; name = Base; path = Base.lproj/LaunchScreen.storyboard; sourceTree = "<group>"; };
		913A51D81C517DDD001E280E /* Info.plist */ = {isa = PBXFileReference; lastKnownFileType = text.plist.xml; path = Info.plist; sourceTree = "<group>"; };
		913A51DD1C517DDD001E280E /* iamhereTests.xctest */ = {isa = PBXFileReference; explicitFileType = wrapper.cfbundle; includeInIndex = 0; path = iamhereTests.xctest; sourceTree = BUILT_PRODUCTS_DIR; };
		913A51E11C517DDD001E280E /* iamhereTests.m */ = {isa = PBXFileReference; lastKnownFileType = sourcecode.c.objc; path = iamhereTests.m; sourceTree = "<group>"; };
		913A51E31C517DDD001E280E /* Info.plist */ = {isa = PBXFileReference; lastKnownFileType = text.plist.xml; path = Info.plist; sourceTree = "<group>"; };
		913A51E81C517DDD001E280E /* iamhereUITests.xctest */ = {isa = PBXFileReference; explicitFileType = wrapper.cfbundle; includeInIndex = 0; path = iamhereUITests.xctest; sourceTree = BUILT_PRODUCTS_DIR; };
		913A51EC1C517DDD001E280E /* iamhereUITests.m */ = {isa = PBXFileReference; lastKnownFileType = sourcecode.c.objc; path = iamhereUITests.m; sourceTree = "<group>"; };
		913A51EE1C517DDD001E280E /* Info.plist */ = {isa = PBXFileReference; lastKnownFileType = text.plist.xml; path = Info.plist; sourceTree = "<group>"; };
		ECB76EBEA2AEB70D43C9AE98 /* Pods-iamhere.release.xcconfig */ = {isa = PBXFileReference; includeInIndex = 1; lastKnownFileType = text.xcconfig; name = "Pods-iamhere.release.xcconfig"; path = "Pods/Target Support Files/Pods-iamhere/Pods-iamhere.release.xcconfig"; sourceTree = "<group>"; };
/* End PBXFileReference section */

/* Begin PBXFrameworksBuildPhase section */
		913A51C11C517DDD001E280E /* Frameworks */ = {
			isa = PBXFrameworksBuildPhase;
			buildActionMask = 2147483647;
			files = (
				3A00EEDB4E680AE3470AFF4E /* libPods-iamhere.a in Frameworks */,
			);
			runOnlyForDeploymentPostprocessing = 0;
		};
		913A51DA1C517DDD001E280E /* Frameworks */ = {
			isa = PBXFrameworksBuildPhase;
			buildActionMask = 2147483647;
			files = (
			);
			runOnlyForDeploymentPostprocessing = 0;
		};
		913A51E51C517DDD001E280E /* Frameworks */ = {
			isa = PBXFrameworksBuildPhase;
			buildActionMask = 2147483647;
			files = (
			);
			runOnlyForDeploymentPostprocessing = 0;
		};
/* End PBXFrameworksBuildPhase section */

/* Begin PBXGroup section */
		5BBC961521C64880EB2DEEF0 /* Pods */ = {
			isa = PBXGroup;
			children = (
				2F0A32689AECF46DC7E0DEF3 /* Pods-iamhere.debug.xcconfig */,
				ECB76EBEA2AEB70D43C9AE98 /* Pods-iamhere.release.xcconfig */,
			);
			name = Pods;
			sourceTree = "<group>";
		};
		913A51BB1C517DDD001E280E = {
			isa = PBXGroup;
			children = (
				913A51C61C517DDD001E280E /* iamhere */,
				913A51E01C517DDD001E280E /* iamhereTests */,
				913A51EB1C517DDD001E280E /* iamhereUITests */,
				913A51C51C517DDD001E280E /* Products */,
				5BBC961521C64880EB2DEEF0 /* Pods */,
				D2BE4BBAA1B819B9D3F55641 /* Frameworks */,
			);
			sourceTree = "<group>";
		};
		913A51C51C517DDD001E280E /* Products */ = {
			isa = PBXGroup;
			children = (
				913A51C41C517DDD001E280E /* iamhere.app */,
				913A51DD1C517DDD001E280E /* iamhereTests.xctest */,
				913A51E81C517DDD001E280E /* iamhereUITests.xctest */,
			);
			name = Products;
			sourceTree = "<group>";
		};
		913A51C61C517DDD001E280E /* iamhere */ = {
			isa = PBXGroup;
			children = (
				913A51CA1C517DDD001E280E /* AppDelegate.h */,
				913A51CB1C517DDD001E280E /* AppDelegate.m */,
				913A51CD1C517DDD001E280E /* ViewController.h */,
				913A51CE1C517DDD001E280E /* ViewController.m */,
				913A51D01C517DDD001E280E /* Main.storyboard */,
				913A51D31C517DDD001E280E /* Assets.xcassets */,
				913A51D51C517DDD001E280E /* LaunchScreen.storyboard */,
				913A51D81C517DDD001E280E /* Info.plist */,
				913A51C71C517DDD001E280E /* Supporting Files */,
				8E2206A71C52387F00501072 /* LocationControllerView.swift */,
				8E2206A61C52387F00501072 /* iamhere-Bridging-Header.h */,
			);
			path = iamhere;
			sourceTree = "<group>";
		};
		913A51C71C517DDD001E280E /* Supporting Files */ = {
			isa = PBXGroup;
			children = (
				913A51C81C517DDD001E280E /* main.m */,
			);
			name = "Supporting Files";
			sourceTree = "<group>";
		};
		913A51E01C517DDD001E280E /* iamhereTests */ = {
			isa = PBXGroup;
			children = (
				913A51E11C517DDD001E280E /* iamhereTests.m */,
				913A51E31C517DDD001E280E /* Info.plist */,
			);
			path = iamhereTests;
			sourceTree = "<group>";
		};
		913A51EB1C517DDD001E280E /* iamhereUITests */ = {
			isa = PBXGroup;
			children = (
				913A51EC1C517DDD001E280E /* iamhereUITests.m */,
				913A51EE1C517DDD001E280E /* Info.plist */,
			);
			path = iamhereUITests;
			sourceTree = "<group>";
		};
		D2BE4BBAA1B819B9D3F55641 /* Frameworks */ = {
			isa = PBXGroup;
			children = (
				8D5807E0D211218033990ADF /* libPods-iamhere.a */,
			);
			name = Frameworks;
			sourceTree = "<group>";
		};
/* End PBXGroup section */

/* Begin PBXNativeTarget section */
		913A51C31C517DDD001E280E /* iamhere */ = {
			isa = PBXNativeTarget;
			buildConfigurationList = 913A51F11C517DDD001E280E /* Build configuration list for PBXNativeTarget "iamhere" */;
			buildPhases = (
				C369681D122C37C2491A0A64 /* Check Pods Manifest.lock */,
				913A51C01C517DDD001E280E /* Sources */,
				913A51C11C517DDD001E280E /* Frameworks */,
				913A51C21C517DDD001E280E /* Resources */,
				DDD414ECDBB58488BA1DDAC8 /* Embed Pods Frameworks */,
				A8015AF4D6BCEB2A89B6B44B /* Copy Pods Resources */,
			);
			buildRules = (
			);
			dependencies = (
			);
			name = iamhere;
			productName = iamhere;
			productReference = 913A51C41C517DDD001E280E /* iamhere.app */;
			productType = "com.apple.product-type.application";
		};
		913A51DC1C517DDD001E280E /* iamhereTests */ = {
			isa = PBXNativeTarget;
			buildConfigurationList = 913A51F41C517DDD001E280E /* Build configuration list for PBXNativeTarget "iamhereTests" */;
			buildPhases = (
				913A51D91C517DDD001E280E /* Sources */,
				913A51DA1C517DDD001E280E /* Frameworks */,
				913A51DB1C517DDD001E280E /* Resources */,
			);
			buildRules = (
			);
			dependencies = (
				913A51DF1C517DDD001E280E /* PBXTargetDependency */,
			);
			name = iamhereTests;
			productName = iamhereTests;
			productReference = 913A51DD1C517DDD001E280E /* iamhereTests.xctest */;
			productType = "com.apple.product-type.bundle.unit-test";
		};
		913A51E71C517DDD001E280E /* iamhereUITests */ = {
			isa = PBXNativeTarget;
			buildConfigurationList = 913A51F71C517DDD001E280E /* Build configuration list for PBXNativeTarget "iamhereUITests" */;
			buildPhases = (
				913A51E41C517DDD001E280E /* Sources */,
				913A51E51C517DDD001E280E /* Frameworks */,
				913A51E61C517DDD001E280E /* Resources */,
			);
			buildRules = (
			);
			dependencies = (
				913A51EA1C517DDD001E280E /* PBXTargetDependency */,
			);
			name = iamhereUITests;
			productName = iamhereUITests;
			productReference = 913A51E81C517DDD001E280E /* iamhereUITests.xctest */;
			productType = "com.apple.product-type.bundle.ui-testing";
		};
/* End PBXNativeTarget section */

/* Begin PBXProject section */
		913A51BC1C517DDD001E280E /* Project object */ = {
			isa = PBXProject;
			attributes = {
				LastSwiftUpdateCheck = 0720;
				LastUpgradeCheck = 0710;
				ORGANIZATIONNAME = "Mobile Academy";
				TargetAttributes = {
					913A51C31C517DDD001E280E = {
						CreatedOnToolsVersion = 7.1.1;
						DevelopmentTeam = U25ZWZE6YN;
						SystemCapabilities = {
							com.apple.Push = {
								enabled = 1;
							};
						};
					};
					913A51DC1C517DDD001E280E = {
						CreatedOnToolsVersion = 7.1.1;
						TestTargetID = 913A51C31C517DDD001E280E;
					};
					913A51E71C517DDD001E280E = {
						CreatedOnToolsVersion = 7.1.1;
						TestTargetID = 913A51C31C517DDD001E280E;
					};
				};
			};
			buildConfigurationList = 913A51BF1C517DDD001E280E /* Build configuration list for PBXProject "iamhere" */;
			compatibilityVersion = "Xcode 3.2";
			developmentRegion = English;
			hasScannedForEncodings = 0;
			knownRegions = (
				en,
				Base,
			);
			mainGroup = 913A51BB1C517DDD001E280E;
			productRefGroup = 913A51C51C517DDD001E280E /* Products */;
			projectDirPath = "";
			projectRoot = "";
			targets = (
				913A51C31C517DDD001E280E /* iamhere */,
				913A51DC1C517DDD001E280E /* iamhereTests */,
				913A51E71C517DDD001E280E /* iamhereUITests */,
			);
		};
/* End PBXProject section */

/* Begin PBXResourcesBuildPhase section */
		913A51C21C517DDD001E280E /* Resources */ = {
			isa = PBXResourcesBuildPhase;
			buildActionMask = 2147483647;
			files = (
				913A51D71C517DDD001E280E /* LaunchScreen.storyboard in Resources */,
				913A51D41C517DDD001E280E /* Assets.xcassets in Resources */,
				913A51D21C517DDD001E280E /* Main.storyboard in Resources */,
			);
			runOnlyForDeploymentPostprocessing = 0;
		};
		913A51DB1C517DDD001E280E /* Resources */ = {
			isa = PBXResourcesBuildPhase;
			buildActionMask = 2147483647;
			files = (
			);
			runOnlyForDeploymentPostprocessing = 0;
		};
		913A51E61C517DDD001E280E /* Resources */ = {
			isa = PBXResourcesBuildPhase;
			buildActionMask = 2147483647;
			files = (
			);
			runOnlyForDeploymentPostprocessing = 0;
		};
/* End PBXResourcesBuildPhase section */

/* Begin PBXShellScriptBuildPhase section */
		A8015AF4D6BCEB2A89B6B44B /* Copy Pods Resources */ = {
			isa = PBXShellScriptBuildPhase;
			buildActionMask = 2147483647;
			files = (
			);
			inputPaths = (
			);
			name = "Copy Pods Resources";
			outputPaths = (
			);
			runOnlyForDeploymentPostprocessing = 0;
			shellPath = /bin/sh;
			shellScript = "\"${SRCROOT}/Pods/Target Support Files/Pods-iamhere/Pods-iamhere-resources.sh\"\n";
			showEnvVarsInLog = 0;
		};
		C369681D122C37C2491A0A64 /* Check Pods Manifest.lock */ = {
			isa = PBXShellScriptBuildPhase;
			buildActionMask = 2147483647;
			files = (
			);
			inputPaths = (
			);
			name = "Check Pods Manifest.lock";
			outputPaths = (
			);
			runOnlyForDeploymentPostprocessing = 0;
			shellPath = /bin/sh;
			shellScript = "diff \"${PODS_ROOT}/../Podfile.lock\" \"${PODS_ROOT}/Manifest.lock\" > /dev/null\nif [[ $? != 0 ]] ; then\n    cat << EOM\nerror: The sandbox is not in sync with the Podfile.lock. Run 'pod install' or update your CocoaPods installation.\nEOM\n    exit 1\nfi\n";
			showEnvVarsInLog = 0;
		};
		DDD414ECDBB58488BA1DDAC8 /* Embed Pods Frameworks */ = {
			isa = PBXShellScriptBuildPhase;
			buildActionMask = 2147483647;
			files = (
			);
			inputPaths = (
			);
			name = "Embed Pods Frameworks";
			outputPaths = (
			);
			runOnlyForDeploymentPostprocessing = 0;
			shellPath = /bin/sh;
			shellScript = "\"${SRCROOT}/Pods/Target Support Files/Pods-iamhere/Pods-iamhere-frameworks.sh\"\n";
			showEnvVarsInLog = 0;
		};
/* End PBXShellScriptBuildPhase section */

/* Begin PBXSourcesBuildPhase section */
		913A51C01C517DDD001E280E /* Sources */ = {
			isa = PBXSourcesBuildPhase;
			buildActionMask = 2147483647;
			files = (
				913A51CF1C517DDD001E280E /* ViewController.m in Sources */,
				913A51CC1C517DDD001E280E /* AppDelegate.m in Sources */,
				913A51C91C517DDD001E280E /* main.m in Sources */,
				8E2206A81C52387F00501072 /* LocationControllerView.swift in Sources */,
			);
			runOnlyForDeploymentPostprocessing = 0;
		};
		913A51D91C517DDD001E280E /* Sources */ = {
			isa = PBXSourcesBuildPhase;
			buildActionMask = 2147483647;
			files = (
				913A51E21C517DDD001E280E /* iamhereTests.m in Sources */,
			);
			runOnlyForDeploymentPostprocessing = 0;
		};
		913A51E41C517DDD001E280E /* Sources */ = {
			isa = PBXSourcesBuildPhase;
			buildActionMask = 2147483647;
			files = (
				913A51ED1C517DDD001E280E /* iamhereUITests.m in Sources */,
			);
			runOnlyForDeploymentPostprocessing = 0;
		};
/* End PBXSourcesBuildPhase section */

/* Begin PBXTargetDependency section */
		913A51DF1C517DDD001E280E /* PBXTargetDependency */ = {
			isa = PBXTargetDependency;
			target = 913A51C31C517DDD001E280E /* iamhere */;
			targetProxy = 913A51DE1C517DDD001E280E /* PBXContainerItemProxy */;
		};
		913A51EA1C517DDD001E280E /* PBXTargetDependency */ = {
			isa = PBXTargetDependency;
			target = 913A51C31C517DDD001E280E /* iamhere */;
			targetProxy = 913A51E91C517DDD001E280E /* PBXContainerItemProxy */;
		};
/* End PBXTargetDependency section */

/* Begin PBXVariantGroup section */
		913A51D01C517DDD001E280E /* Main.storyboard */ = {
			isa = PBXVariantGroup;
			children = (
				913A51D11C517DDD001E280E /* Base */,
			);
			name = Main.storyboard;
			sourceTree = "<group>";
		};
		913A51D51C517DDD001E280E /* LaunchScreen.storyboard */ = {
			isa = PBXVariantGroup;
			children = (
				913A51D61C517DDD001E280E /* Base */,
			);
			name = LaunchScreen.storyboard;
			sourceTree = "<group>";
		};
/* End PBXVariantGroup section */

/* Begin XCBuildConfiguration section */
		913A51EF1C517DDD001E280E /* Debug */ = {
			isa = XCBuildConfiguration;
			buildSettings = {
				ALWAYS_SEARCH_USER_PATHS = NO;
				CLANG_CXX_LANGUAGE_STANDARD = "gnu++0x";
				CLANG_CXX_LIBRARY = "libc++";
				CLANG_ENABLE_MODULES = YES;
				CLANG_ENABLE_OBJC_ARC = YES;
				CLANG_WARN_BOOL_CONVERSION = YES;
				CLANG_WARN_CONSTANT_CONVERSION = YES;
				CLANG_WARN_DIRECT_OBJC_ISA_USAGE = YES_ERROR;
				CLANG_WARN_EMPTY_BODY = YES;
				CLANG_WARN_ENUM_CONVERSION = YES;
				CLANG_WARN_INT_CONVERSION = YES;
				CLANG_WARN_OBJC_ROOT_CLASS = YES_ERROR;
				CLANG_WARN_UNREACHABLE_CODE = YES;
				CLANG_WARN__DUPLICATE_METHOD_MATCH = YES;
				"CODE_SIGN_IDENTITY[sdk=iphoneos*]" = "iPhone Developer";
				COPY_PHASE_STRIP = NO;
				DEBUG_INFORMATION_FORMAT = dwarf;
				ENABLE_STRICT_OBJC_MSGSEND = YES;
				ENABLE_TESTABILITY = YES;
				GCC_C_LANGUAGE_STANDARD = gnu99;
				GCC_DYNAMIC_NO_PIC = NO;
				GCC_NO_COMMON_BLOCKS = YES;
				GCC_OPTIMIZATION_LEVEL = 0;
				GCC_PREPROCESSOR_DEFINITIONS = (
					"DEBUG=1",
					"$(inherited)",
				);
				GCC_WARN_64_TO_32_BIT_CONVERSION = YES;
				GCC_WARN_ABOUT_RETURN_TYPE = YES_ERROR;
				GCC_WARN_UNDECLARED_SELECTOR = YES;
				GCC_WARN_UNINITIALIZED_AUTOS = YES_AGGRESSIVE;
				GCC_WARN_UNUSED_FUNCTION = YES;
				GCC_WARN_UNUSED_VARIABLE = YES;
				IPHONEOS_DEPLOYMENT_TARGET = 9.1;
				MTL_ENABLE_DEBUG_INFO = YES;
				ONLY_ACTIVE_ARCH = YES;
				SDKROOT = iphoneos;
			};
			name = Debug;
		};
		913A51F01C517DDD001E280E /* Release */ = {
			isa = XCBuildConfiguration;
			buildSettings = {
				ALWAYS_SEARCH_USER_PATHS = NO;
				CLANG_CXX_LANGUAGE_STANDARD = "gnu++0x";
				CLANG_CXX_LIBRARY = "libc++";
				CLANG_ENABLE_MODULES = YES;
				CLANG_ENABLE_OBJC_ARC = YES;
				CLANG_WARN_BOOL_CONVERSION = YES;
				CLANG_WARN_CONSTANT_CONVERSION = YES;
				CLANG_WARN_DIRECT_OBJC_ISA_USAGE = YES_ERROR;
				CLANG_WARN_EMPTY_BODY = YES;
				CLANG_WARN_ENUM_CONVERSION = YES;
				CLANG_WARN_INT_CONVERSION = YES;
				CLANG_WARN_OBJC_ROOT_CLASS = YES_ERROR;
				CLANG_WARN_UNREACHABLE_CODE = YES;
				CLANG_WARN__DUPLICATE_METHOD_MATCH = YES;
				"CODE_SIGN_IDENTITY[sdk=iphoneos*]" = "iPhone Developer";
				COPY_PHASE_STRIP = NO;
				DEBUG_INFORMATION_FORMAT = "dwarf-with-dsym";
				ENABLE_NS_ASSERTIONS = NO;
				ENABLE_STRICT_OBJC_MSGSEND = YES;
				GCC_C_LANGUAGE_STANDARD = gnu99;
				GCC_NO_COMMON_BLOCKS = YES;
				GCC_WARN_64_TO_32_BIT_CONVERSION = YES;
				GCC_WARN_ABOUT_RETURN_TYPE = YES_ERROR;
				GCC_WARN_UNDECLARED_SELECTOR = YES;
				GCC_WARN_UNINITIALIZED_AUTOS = YES_AGGRESSIVE;
				GCC_WARN_UNUSED_FUNCTION = YES;
				GCC_WARN_UNUSED_VARIABLE = YES;
				IPHONEOS_DEPLOYMENT_TARGET = 9.1;
				MTL_ENABLE_DEBUG_INFO = NO;
				SDKROOT = iphoneos;
				VALIDATE_PRODUCT = YES;
			};
			name = Release;
		};
		913A51F21C517DDD001E280E /* Debug */ = {
			isa = XCBuildConfiguration;
			baseConfigurationReference = 2F0A32689AECF46DC7E0DEF3 /* Pods-iamhere.debug.xcconfig */;
			buildSettings = {
				ASSETCATALOG_COMPILER_APPICON_NAME = AppIcon;
				CLANG_ENABLE_MODULES = YES;
				CODE_SIGN_IDENTITY = "iPhone Developer";
				"CODE_SIGN_IDENTITY[sdk=iphoneos*]" = "iPhone Developer";
				INFOPLIST_FILE = iamhere/Info.plist;
				LD_RUNPATH_SEARCH_PATHS = "$(inherited) @executable_path/Frameworks";
				PRODUCT_BUNDLE_IDENTIFIER = ro.mobileacademy.iamhere;
				PRODUCT_NAME = "$(TARGET_NAME)";
				PROVISIONING_PROFILE = "";
				SWIFT_OBJC_BRIDGING_HEADER = "iamhere/iamhere-Bridging-Header.h";
				SWIFT_OPTIMIZATION_LEVEL = "-Onone";
			};
			name = Debug;
		};
		913A51F31C517DDD001E280E /* Release */ = {
			isa = XCBuildConfiguration;
			baseConfigurationReference = ECB76EBEA2AEB70D43C9AE98 /* Pods-iamhere.release.xcconfig */;
			buildSettings = {
				ASSETCATALOG_COMPILER_APPICON_NAME = AppIcon;
				CLANG_ENABLE_MODULES = YES;
				CODE_SIGN_IDENTITY = "iPhone Developer";
				"CODE_SIGN_IDENTITY[sdk=iphoneos*]" = "iPhone Developer";
				INFOPLIST_FILE = iamhere/Info.plist;
				LD_RUNPATH_SEARCH_PATHS = "$(inherited) @executable_path/Frameworks";
				PRODUCT_BUNDLE_IDENTIFIER = ro.mobileacademy.iamhere;
				PRODUCT_NAME = "$(TARGET_NAME)";
				PROVISIONING_PROFILE = "";
				SWIFT_OBJC_BRIDGING_HEADER = "iamhere/iamhere-Bridging-Header.h";
			};
			name = Release;
		};
		913A51F51C517DDD001E280E /* Debug */ = {
			isa = XCBuildConfiguration;
			buildSettings = {
				BUNDLE_LOADER = "$(TEST_HOST)";
				INFOPLIST_FILE = iamhereTests/Info.plist;
				LD_RUNPATH_SEARCH_PATHS = "$(inherited) @executable_path/Frameworks @loader_path/Frameworks";
				PRODUCT_BUNDLE_IDENTIFIER = ro.mobileacademy.iamhereTests;
				PRODUCT_NAME = "$(TARGET_NAME)";
				TEST_HOST = "$(BUILT_PRODUCTS_DIR)/iamhere.app/iamhere";
			};
			name = Debug;
		};
		913A51F61C517DDD001E280E /* Release */ = {
			isa = XCBuildConfiguration;
			buildSettings = {
				BUNDLE_LOADER = "$(TEST_HOST)";
				INFOPLIST_FILE = iamhereTests/Info.plist;
				LD_RUNPATH_SEARCH_PATHS = "$(inherited) @executable_path/Frameworks @loader_path/Frameworks";
				PRODUCT_BUNDLE_IDENTIFIER = ro.mobileacademy.iamhereTests;
				PRODUCT_NAME = "$(TARGET_NAME)";
				TEST_HOST = "$(BUILT_PRODUCTS_DIR)/iamhere.app/iamhere";
			};
			name = Release;
		};
		913A51F81C517DDD001E280E /* Debug */ = {
			isa = XCBuildConfiguration;
			buildSettings = {
				INFOPLIST_FILE = iamhereUITests/Info.plist;
				LD_RUNPATH_SEARCH_PATHS = "$(inherited) @executable_path/Frameworks @loader_path/Frameworks";
				PRODUCT_BUNDLE_IDENTIFIER = ro.mobileacademy.iamhereUITests;
				PRODUCT_NAME = "$(TARGET_NAME)";
				TEST_TARGET_NAME = iamhere;
				USES_XCTRUNNER = YES;
			};
			name = Debug;
		};
		913A51F91C517DDD001E280E /* Release */ = {
			isa = XCBuildConfiguration;
			buildSettings = {
				INFOPLIST_FILE = iamhereUITests/Info.plist;
				LD_RUNPATH_SEARCH_PATHS = "$(inherited) @executable_path/Frameworks @loader_path/Frameworks";
				PRODUCT_BUNDLE_IDENTIFIER = ro.mobileacademy.iamhereUITests;
				PRODUCT_NAME = "$(TARGET_NAME)";
				TEST_TARGET_NAME = iamhere;
				USES_XCTRUNNER = YES;
			};
			name = Release;
		};
/* End XCBuildConfiguration section */

/* Begin XCConfigurationList section */
		913A51BF1C517DDD001E280E /* Build configuration list for PBXProject "iamhere" */ = {
			isa = XCConfigurationList;
			buildConfigurations = (
				913A51EF1C517DDD001E280E /* Debug */,
				913A51F01C517DDD001E280E /* Release */,
			);
			defaultConfigurationIsVisible = 0;
			defaultConfigurationName = Release;
		};
		913A51F11C517DDD001E280E /* Build configuration list for PBXNativeTarget "iamhere" */ = {
			isa = XCConfigurationList;
			buildConfigurations = (
				913A51F21C517DDD001E280E /* Debug */,
				913A51F31C517DDD001E280E /* Release */,
			);
			defaultConfigurationIsVisible = 0;
			defaultConfigurationName = Release;
		};
		913A51F41C517DDD001E280E /* Build configuration list for PBXNativeTarget "iamhereTests" */ = {
			isa = XCConfigurationList;
			buildConfigurations = (
				913A51F51C517DDD001E280E /* Debug */,
				913A51F61C517DDD001E280E /* Release */,
			);
			defaultConfigurationIsVisible = 0;
			defaultConfigurationName = Release;
		};
		913A51F71C517DDD001E280E /* Build configuration list for PBXNativeTarget "iamhereUITests" */ = {
			isa = XCConfigurationList;
			buildConfigurations = (
				913A51F81C517DDD001E280E /* Debug */,
				913A51F91C517DDD001E280E /* Release */,
			);
			defaultConfigurationIsVisible = 0;
			defaultConfigurationName = Release;
		};
/* End XCConfigurationList section */
	};
	rootObject = 913A51BC1C517DDD001E280E /* Project object */;
}
